{
  "object": {
    "pins": [
      {
        "package": "Gecco",
        "repositoryURL": "https://github.com/askendiet/Gecco.git",
        "state": {
          "branch": null,
          "revision": "214fe439def856671969f4c7eb2af11b39057321",
          "version": "1.0.2"
        }
      }
    ]
  },
  "version": 1
}
