{
  "object": {
    "pins": [
      {
        "package": "Gecco",
        "repositoryURL": "https://github.com/askendiet/Gecco.git",
        "state": {
          "branch": "master",
          "revision": "2390159f7a68f2f8677a69be002197787038ca93",
          "version": null
        }
      }
    ]
  },
  "version": 1
}
