{
  "object": {
    "pins": [
      {
        "package": "Gecco",
        "repositoryURL": "https://github.com/askendiet/Gecco.git",
        "state": {
          "branch": "master",
          "revision": "b8e8af7f61f816dc39d3c326002ce7377797fd52",
          "version": null
        }
      }
    ]
  },
  "version": 1
}
